
Microsoft Visual Studio Solution File, Format Version 12.00
# Visual Studio Version 16
VisualStudioVersion = 16.0.30804.86
MinimumVisualStudioVersion = 10.0.40219.1
Project("{9A19103F-16F7-4668-BE54-9A1E7A4F7556}") = "eHairdresserSalonFare.Api", "eHairdresserSalonFare.Api\eHairdresserSalonFare.Api.csproj", "{AC4B7D81-262A-477C-AECC-305836C977C7}"
EndProject
Project("{9A19103F-16F7-4668-BE54-9A1E7A4F7556}") = "eHairdresserSalonFare.Model", "eHairdresserSalonFare.Model\eHairdresserSalonFare.Model.csproj", "{3B862B19-F804-46AD-8843-7A0153638AE5}"
EndProject
Project("{FAE04EC0-301F-11D3-BF4B-00C04F79EFBC}") = "eHairdresserSalonFare.WinUI", "eHairdresserSalonFare.WinUI\eHairdresserSalonFare.WinUI.csproj", "{A7036EFA-9E7A-41BF-B97B-FE579B7228F6}"
EndProject
Project("{FAE04EC0-301F-11D3-BF4B-00C04F79EFBC}") = "eHairdresserSalonFare.MobileUI.UWP", "eHairdresserSalonFare.MobileUI\eHairdresserSalonFare.MobileUI.UWP\eHairdresserSalonFare.MobileUI.UWP.csproj", "{850C6563-64BC-4AFA-8D9D-65AA65A62B2C}"
EndProject
Project("{9A19103F-16F7-4668-BE54-9A1E7A4F7556}") = "eHairdresserSalonFare.MobileUI", "eHairdresserSalonFare.MobileUI\eHairdresserSalonFare.MobileUI\eHairdresserSalonFare.MobileUI.csproj", "{2929A5EB-13AC-4831-A6EE-755330B51551}"
EndProject
Project("{E53339B2-1760-4266-BCC7-CA923CBCF16C}") = "docker-compose", "docker-compose.dcproj", "{31158E6F-BB10-4E68-8C5C-F8CDA89A5DA5}"
EndProject
Global
	GlobalSection(SolutionConfigurationPlatforms) = preSolution
		Debug|Any CPU = Debug|Any CPU
		Debug|ARM = Debug|ARM
		Debug|x64 = Debug|x64
		Debug|x86 = Debug|x86
		Release|Any CPU = Release|Any CPU
		Release|ARM = Release|ARM
		Release|x64 = Release|x64
		Release|x86 = Release|x86
	EndGlobalSection
	GlobalSection(ProjectConfigurationPlatforms) = postSolution
		{AC4B7D81-262A-477C-AECC-305836C977C7}.Debug|Any CPU.ActiveCfg = Debug|Any CPU
		{AC4B7D81-262A-477C-AECC-305836C977C7}.Debug|Any CPU.Build.0 = Debug|Any CPU
		{AC4B7D81-262A-477C-AECC-305836C977C7}.Debug|ARM.ActiveCfg = Debug|Any CPU
		{AC4B7D81-262A-477C-AECC-305836C977C7}.Debug|ARM.Build.0 = Debug|Any CPU
		{AC4B7D81-262A-477C-AECC-305836C977C7}.Debug|x64.ActiveCfg = Debug|Any CPU
		{AC4B7D81-262A-477C-AECC-305836C977C7}.Debug|x64.Build.0 = Debug|Any CPU
		{AC4B7D81-262A-477C-AECC-305836C977C7}.Debug|x86.ActiveCfg = Debug|Any CPU
		{AC4B7D81-262A-477C-AECC-305836C977C7}.Debug|x86.Build.0 = Debug|Any CPU
		{AC4B7D81-262A-477C-AECC-305836C977C7}.Release|Any CPU.ActiveCfg = Release|Any CPU
		{AC4B7D81-262A-477C-AECC-305836C977C7}.Release|Any CPU.Build.0 = Release|Any CPU
		{AC4B7D81-262A-477C-AECC-305836C977C7}.Release|ARM.ActiveCfg = Release|Any CPU
		{AC4B7D81-262A-477C-AECC-305836C977C7}.Release|ARM.Build.0 = Release|Any CPU
		{AC4B7D81-262A-477C-AECC-305836C977C7}.Release|x64.ActiveCfg = Release|Any CPU
		{AC4B7D81-262A-477C-AECC-305836C977C7}.Release|x64.Build.0 = Release|Any CPU
		{AC4B7D81-262A-477C-AECC-305836C977C7}.Release|x86.ActiveCfg = Release|Any CPU
		{AC4B7D81-262A-477C-AECC-305836C977C7}.Release|x86.Build.0 = Release|Any CPU
		{3B862B19-F804-46AD-8843-7A0153638AE5}.Debug|Any CPU.ActiveCfg = Debug|Any CPU
		{3B862B19-F804-46AD-8843-7A0153638AE5}.Debug|Any CPU.Build.0 = Debug|Any CPU
		{3B862B19-F804-46AD-8843-7A0153638AE5}.Debug|ARM.ActiveCfg = Debug|Any CPU
		{3B862B19-F804-46AD-8843-7A0153638AE5}.Debug|ARM.Build.0 = Debug|Any CPU
		{3B862B19-F804-46AD-8843-7A0153638AE5}.Debug|x64.ActiveCfg = Debug|Any CPU
		{3B862B19-F804-46AD-8843-7A0153638AE5}.Debug|x64.Build.0 = Debug|Any CPU
		{3B862B19-F804-46AD-8843-7A0153638AE5}.Debug|x86.ActiveCfg = Debug|Any CPU
		{3B862B19-F804-46AD-8843-7A0153638AE5}.Debug|x86.Build.0 = Debug|Any CPU
		{3B862B19-F804-46AD-8843-7A0153638AE5}.Release|Any CPU.ActiveCfg = Release|Any CPU
		{3B862B19-F804-46AD-8843-7A0153638AE5}.Release|Any CPU.Build.0 = Release|Any CPU
		{3B862B19-F804-46AD-8843-7A0153638AE5}.Release|ARM.ActiveCfg = Release|Any CPU
		{3B862B19-F804-46AD-8843-7A0153638AE5}.Release|ARM.Build.0 = Release|Any CPU
		{3B862B19-F804-46AD-8843-7A0153638AE5}.Release|x64.ActiveCfg = Release|Any CPU
		{3B862B19-F804-46AD-8843-7A0153638AE5}.Release|x64.Build.0 = Release|Any CPU
		{3B862B19-F804-46AD-8843-7A0153638AE5}.Release|x86.ActiveCfg = Release|Any CPU
		{3B862B19-F804-46AD-8843-7A0153638AE5}.Release|x86.Build.0 = Release|Any CPU
		{A7036EFA-9E7A-41BF-B97B-FE579B7228F6}.Debug|Any CPU.ActiveCfg = Debug|Any CPU
		{A7036EFA-9E7A-41BF-B97B-FE579B7228F6}.Debug|Any CPU.Build.0 = Debug|Any CPU
		{A7036EFA-9E7A-41BF-B97B-FE579B7228F6}.Debug|ARM.ActiveCfg = Debug|Any CPU
		{A7036EFA-9E7A-41BF-B97B-FE579B7228F6}.Debug|ARM.Build.0 = Debug|Any CPU
		{A7036EFA-9E7A-41BF-B97B-FE579B7228F6}.Debug|x64.ActiveCfg = Debug|Any CPU
		{A7036EFA-9E7A-41BF-B97B-FE579B7228F6}.Debug|x64.Build.0 = Debug|Any CPU
		{A7036EFA-9E7A-41BF-B97B-FE579B7228F6}.Debug|x86.ActiveCfg = Debug|Any CPU
		{A7036EFA-9E7A-41BF-B97B-FE579B7228F6}.Debug|x86.Build.0 = Debug|Any CPU
		{A7036EFA-9E7A-41BF-B97B-FE579B7228F6}.Release|Any CPU.ActiveCfg = Release|Any CPU
		{A7036EFA-9E7A-41BF-B97B-FE579B7228F6}.Release|Any CPU.Build.0 = Release|Any CPU
		{A7036EFA-9E7A-41BF-B97B-FE579B7228F6}.Release|ARM.ActiveCfg = Release|Any CPU
		{A7036EFA-9E7A-41BF-B97B-FE579B7228F6}.Release|ARM.Build.0 = Release|Any CPU
		{A7036EFA-9E7A-41BF-B97B-FE579B7228F6}.Release|x64.ActiveCfg = Release|Any CPU
		{A7036EFA-9E7A-41BF-B97B-FE579B7228F6}.Release|x64.Build.0 = Release|Any CPU
		{A7036EFA-9E7A-41BF-B97B-FE579B7228F6}.Release|x86.ActiveCfg = Release|Any CPU
		{A7036EFA-9E7A-41BF-B97B-FE579B7228F6}.Release|x86.Build.0 = Release|Any CPU
		{850C6563-64BC-4AFA-8D9D-65AA65A62B2C}.Debug|Any CPU.ActiveCfg = Debug|x86
		{850C6563-64BC-4AFA-8D9D-65AA65A62B2C}.Debug|Any CPU.Build.0 = Debug|x86
		{850C6563-64BC-4AFA-8D9D-65AA65A62B2C}.Debug|Any CPU.Deploy.0 = Debug|x86
		{850C6563-64BC-4AFA-8D9D-65AA65A62B2C}.Debug|ARM.ActiveCfg = Debug|ARM
		{850C6563-64BC-4AFA-8D9D-65AA65A62B2C}.Debug|ARM.Build.0 = Debug|ARM
		{850C6563-64BC-4AFA-8D9D-65AA65A62B2C}.Debug|ARM.Deploy.0 = Debug|ARM
		{850C6563-64BC-4AFA-8D9D-65AA65A62B2C}.Debug|x64.ActiveCfg = Debug|x64
		{850C6563-64BC-4AFA-8D9D-65AA65A62B2C}.Debug|x64.Build.0 = Debug|x64
		{850C6563-64BC-4AFA-8D9D-65AA65A62B2C}.Debug|x64.Deploy.0 = Debug|x64
		{850C6563-64BC-4AFA-8D9D-65AA65A62B2C}.Debug|x86.ActiveCfg = Debug|x86
		{850C6563-64BC-4AFA-8D9D-65AA65A62B2C}.Debug|x86.Build.0 = Debug|x86
		{850C6563-64BC-4AFA-8D9D-65AA65A62B2C}.Debug|x86.Deploy.0 = Debug|x86
		{850C6563-64BC-4AFA-8D9D-65AA65A62B2C}.Release|Any CPU.ActiveCfg = Release|x86
		{850C6563-64BC-4AFA-8D9D-65AA65A62B2C}.Release|ARM.ActiveCfg = Release|ARM
		{850C6563-64BC-4AFA-8D9D-65AA65A62B2C}.Release|ARM.Build.0 = Release|ARM
		{850C6563-64BC-4AFA-8D9D-65AA65A62B2C}.Release|ARM.Deploy.0 = Release|ARM
		{850C6563-64BC-4AFA-8D9D-65AA65A62B2C}.Release|x64.ActiveCfg = Release|x64
		{850C6563-64BC-4AFA-8D9D-65AA65A62B2C}.Release|x64.Build.0 = Release|x64
		{850C6563-64BC-4AFA-8D9D-65AA65A62B2C}.Release|x64.Deploy.0 = Release|x64
		{850C6563-64BC-4AFA-8D9D-65AA65A62B2C}.Release|x86.ActiveCfg = Release|x86
		{850C6563-64BC-4AFA-8D9D-65AA65A62B2C}.Release|x86.Build.0 = Release|x86
		{850C6563-64BC-4AFA-8D9D-65AA65A62B2C}.Release|x86.Deploy.0 = Release|x86
		{2929A5EB-13AC-4831-A6EE-755330B51551}.Debug|Any CPU.ActiveCfg = Debug|Any CPU
		{2929A5EB-13AC-4831-A6EE-755330B51551}.Debug|Any CPU.Build.0 = Debug|Any CPU
		{2929A5EB-13AC-4831-A6EE-755330B51551}.Debug|ARM.ActiveCfg = Debug|Any CPU
		{2929A5EB-13AC-4831-A6EE-755330B51551}.Debug|ARM.Build.0 = Debug|Any CPU
		{2929A5EB-13AC-4831-A6EE-755330B51551}.Debug|x64.ActiveCfg = Debug|Any CPU
		{2929A5EB-13AC-4831-A6EE-755330B51551}.Debug|x64.Build.0 = Debug|Any CPU
		{2929A5EB-13AC-4831-A6EE-755330B51551}.Debug|x86.ActiveCfg = Debug|Any CPU
		{2929A5EB-13AC-4831-A6EE-755330B51551}.Debug|x86.Build.0 = Debug|Any CPU
		{2929A5EB-13AC-4831-A6EE-755330B51551}.Release|Any CPU.ActiveCfg = Release|Any CPU
		{2929A5EB-13AC-4831-A6EE-755330B51551}.Release|Any CPU.Build.0 = Release|Any CPU
		{2929A5EB-13AC-4831-A6EE-755330B51551}.Release|ARM.ActiveCfg = Release|Any CPU
		{2929A5EB-13AC-4831-A6EE-755330B51551}.Release|ARM.Build.0 = Release|Any CPU
		{2929A5EB-13AC-4831-A6EE-755330B51551}.Release|x64.ActiveCfg = Release|Any CPU
		{2929A5EB-13AC-4831-A6EE-755330B51551}.Release|x64.Build.0 = Release|Any CPU
		{2929A5EB-13AC-4831-A6EE-755330B51551}.Release|x86.ActiveCfg = Release|Any CPU
		{2929A5EB-13AC-4831-A6EE-755330B51551}.Release|x86.Build.0 = Release|Any CPU
		{31158E6F-BB10-4E68-8C5C-F8CDA89A5DA5}.Debug|Any CPU.ActiveCfg = Debug|Any CPU
		{31158E6F-BB10-4E68-8C5C-F8CDA89A5DA5}.Debug|Any CPU.Build.0 = Debug|Any CPU
		{31158E6F-BB10-4E68-8C5C-F8CDA89A5DA5}.Debug|ARM.ActiveCfg = Debug|Any CPU
		{31158E6F-BB10-4E68-8C5C-F8CDA89A5DA5}.Debug|ARM.Build.0 = Debug|Any CPU
		{31158E6F-BB10-4E68-8C5C-F8CDA89A5DA5}.Debug|x64.ActiveCfg = Debug|Any CPU
		{31158E6F-BB10-4E68-8C5C-F8CDA89A5DA5}.Debug|x64.Build.0 = Debug|Any CPU
		{31158E6F-BB10-4E68-8C5C-F8CDA89A5DA5}.Debug|x86.ActiveCfg = Debug|Any CPU
		{31158E6F-BB10-4E68-8C5C-F8CDA89A5DA5}.Debug|x86.Build.0 = Debug|Any CPU
		{31158E6F-BB10-4E68-8C5C-F8CDA89A5DA5}.Release|Any CPU.ActiveCfg = Release|Any CPU
		{31158E6F-BB10-4E68-8C5C-F8CDA89A5DA5}.Release|Any CPU.Build.0 = Release|Any CPU
		{31158E6F-BB10-4E68-8C5C-F8CDA89A5DA5}.Release|ARM.ActiveCfg = Release|Any CPU
		{31158E6F-BB10-4E68-8C5C-F8CDA89A5DA5}.Release|ARM.Build.0 = Release|Any CPU
		{31158E6F-BB10-4E68-8C5C-F8CDA89A5DA5}.Release|x64.ActiveCfg = Release|Any CPU
		{31158E6F-BB10-4E68-8C5C-F8CDA89A5DA5}.Release|x64.Build.0 = Release|Any CPU
		{31158E6F-BB10-4E68-8C5C-F8CDA89A5DA5}.Release|x86.ActiveCfg = Release|Any CPU
		{31158E6F-BB10-4E68-8C5C-F8CDA89A5DA5}.Release|x86.Build.0 = Release|Any CPU
	EndGlobalSection
	GlobalSection(SolutionProperties) = preSolution
		HideSolutionNode = FALSE
	EndGlobalSection
	GlobalSection(ExtensibilityGlobals) = postSolution
		SolutionGuid = {85191A73-47E0-4E8C-A5F6-F8F274EDAFC6}
	EndGlobalSection
EndGlobal
